
Microsoft Visual Studio Solution File, Format Version 12.00
# Visual Studio Version 17
VisualStudioVersion = 17.12.35707.178
MinimumVisualStudioVersion = 10.0.40219.1
Project("{FAE04EC0-301F-11D3-BF4B-00C04F79EFBC}") = "Tusk_2_1", "Tusk_2_1\Tusk_2_1.csproj", "{C72ADCE7-5439-4B77-97E0-05B63B1ACCDA}"
EndProject
Project("{FAE04EC0-301F-11D3-BF4B-00C04F79EFBC}") = "Tusk_2_2", "Tusk_2_2\Tusk_2_2.csproj", "{D4EAF5A0-13C0-4E42-8544-4565408A3244}"
EndProject
Project("{FAE04EC0-301F-11D3-BF4B-00C04F79EFBC}") = "Tusk 2_3", "Tusk 2_3\Tusk 2_3.csproj", "{487699C6-678C-4BA4-B8FE-A4F9AA1ECFE4}"
EndProject
Project("{FAE04EC0-301F-11D3-BF4B-00C04F79EFBC}") = "Tusk_2_4", "Tusk_2_4\Tusk_2_4.csproj", "{B4327340-0E52-4B06-89B8-1B0EB2970140}"
EndProject
Project("{FAE04EC0-301F-11D3-BF4B-00C04F79EFBC}") = "Tusk_2_5", "Tusk_2_5\Tusk_2_5.csproj", "{C49D42FF-04F8-4D9E-895D-D090F3B5614C}"
EndProject
Project("{FAE04EC0-301F-11D3-BF4B-00C04F79EFBC}") = "Tusk_2_6", "Tusk_2_6\Tusk_2_6.csproj", "{2AFB217A-7957-48C3-8521-D3AFF151722B}"
EndProject
Project("{FAE04EC0-301F-11D3-BF4B-00C04F79EFBC}") = "Tusk_2_7", "Tusk_2_7\Tusk_2_7.csproj", "{7E71E81F-A246-4D7E-AD91-12062410093A}"
EndProject
Project("{2150E333-8FDC-42A3-9474-1A3956D46DE8}") = "tUSK_2", "tUSK_2", "{C4C4C498-0A4A-401C-8FB0-C1328C56A4CE}"
EndProject
Project("{2150E333-8FDC-42A3-9474-1A3956D46DE8}") = "Tusk_3", "Tusk_3", "{D15D64DE-54CF-4C37-8216-4C174D3AB201}"
EndProject
Project("{FAE04EC0-301F-11D3-BF4B-00C04F79EFBC}") = "Tusk3_1", "Tusk3_1\Tusk3_1.csproj", "{8A69BD5E-8358-4FB3-8E36-3EF992937151}"
EndProject
Project("{FAE04EC0-301F-11D3-BF4B-00C04F79EFBC}") = "Tusk3_2", "Tusk3_2\Tusk3_2.csproj", "{5753AB1F-F1E9-463B-B9A1-5C5523151CCA}"
EndProject
Project("{FAE04EC0-301F-11D3-BF4B-00C04F79EFBC}") = "Tusk3_3", "Tusk3_3\Tusk3_3.csproj", "{3D8439A1-8996-4C4B-B354-9A350E5322F8}"
EndProject
Project("{FAE04EC0-301F-11D3-BF4B-00C04F79EFBC}") = "Tusk3_4", "Tusk3_4\Tusk3_4.csproj", "{CCC70CE2-1E64-4666-8D17-183046768F83}"
EndProject
Project("{FAE04EC0-301F-11D3-BF4B-00C04F79EFBC}") = "Tusk3_5", "Tusk3_5\Tusk3_5.csproj", "{6D102279-2C37-4DC4-A186-279E4DF088B1}"
EndProject
Project("{FAE04EC0-301F-11D3-BF4B-00C04F79EFBC}") = "Tusk3_6", "Tusk3_6\Tusk3_6.csproj", "{B3EF05E5-E58F-4B1F-9376-97C0241EA89F}"
EndProject
Project("{FAE04EC0-301F-11D3-BF4B-00C04F79EFBC}") = "Tusk3_7", "Tusk3_7\Tusk3_7.csproj", "{B6E94743-D8FF-49E7-9F9C-BCDF8BFEDE80}"
EndProject
Project("{FAE04EC0-301F-11D3-BF4B-00C04F79EFBC}") = "Tusk3_8", "Tusk3_8\Tusk3_8.csproj", "{3E375EFF-15BD-42B7-B6CA-57C20820EDF8}"
EndProject
Project("{FAE04EC0-301F-11D3-BF4B-00C04F79EFBC}") = "Tusk3_9", "Tusk3_9\Tusk3_9.csproj", "{239C6525-442C-4FF5-A675-570523110EAF}"
EndProject
Project("{FAE04EC0-301F-11D3-BF4B-00C04F79EFBC}") = "Tusk3_10", "Tusk3_10\Tusk3_10.csproj", "{B294E876-80AC-4D29-8BF5-22827DBFAFC5}"
EndProject
Project("{FAE04EC0-301F-11D3-BF4B-00C04F79EFBC}") = "Tusk3_11", "Tusk3_11\Tusk3_11.csproj", "{536C90E0-141E-46D5-A0FD-E7EC47296140}"
EndProject
Project("{FAE04EC0-301F-11D3-BF4B-00C04F79EFBC}") = "Tusk3_12", "Tusk3_12\Tusk3_12.csproj", "{1987F5D2-7D03-4F7C-88CF-77CA8B4A8357}"
EndProject
Project("{2150E333-8FDC-42A3-9474-1A3956D46DE8}") = "Tsk4", "Tsk4", "{D5C8FDD6-03C0-48F1-BDF1-9115E0C2FBEC}"
EndProject
Project("{FAE04EC0-301F-11D3-BF4B-00C04F79EFBC}") = "Tsk4_8", "Tsk4_1\Tsk4_8.csproj", "{DD56480D-55F4-48BF-915E-97B090D92AD1}"
EndProject
Project("{FAE04EC0-301F-11D3-BF4B-00C04F79EFBC}") = "Task4_1", "Task4_1\Task4_1.csproj", "{5B4197BD-437A-4174-9551-7290BF551B7C}"
EndProject
Project("{FAE04EC0-301F-11D3-BF4B-00C04F79EFBC}") = "Task4_2", "Task4_2\Task4_2.csproj", "{7C552D17-AFCA-471D-840F-742BBF171690}"
EndProject
Project("{FAE04EC0-301F-11D3-BF4B-00C04F79EFBC}") = "Task4_3", "Task4_3\Task4_3.csproj", "{5EF10EB3-760A-45AB-BB60-D9BFC21744E0}"
EndProject
Project("{FAE04EC0-301F-11D3-BF4B-00C04F79EFBC}") = "Task4_4", "Task4_4\Task4_4.csproj", "{DA9F7BEE-8B88-4260-8897-0A0B72E4E0ED}"
EndProject
Project("{FAE04EC0-301F-11D3-BF4B-00C04F79EFBC}") = "Task4_5", "Task4_5\Task4_5.csproj", "{876E7F7A-5347-43FD-B642-20012254EDFF}"
EndProject
Project("{FAE04EC0-301F-11D3-BF4B-00C04F79EFBC}") = "Task4_6", "Task4_6\Task4_6.csproj", "{F7C78939-E79C-4DDE-8D7B-FEEA846156CE}"
EndProject
Project("{FAE04EC0-301F-11D3-BF4B-00C04F79EFBC}") = "Task4_7", "Task4_7\Task4_7.csproj", "{46623253-BA7E-4F4E-8AD2-5B3CB9D74A72}"
EndProject
Project("{2150E333-8FDC-42A3-9474-1A3956D46DE8}") = "Task5", "Task5", "{1C269513-9ABD-4900-BE6C-87FF05E4E281}"
EndProject
Project("{FAE04EC0-301F-11D3-BF4B-00C04F79EFBC}") = "Task5_1", "Task5_1\Task5_1.csproj", "{72712868-CCC9-4846-9278-B58100CD7705}"
EndProject
Project("{FAE04EC0-301F-11D3-BF4B-00C04F79EFBC}") = "Task5_2", "Task5_2\Task5_2.csproj", "{4C32C2E9-1A62-4F98-B15C-512035CF7987}"
EndProject
Project("{FAE04EC0-301F-11D3-BF4B-00C04F79EFBC}") = "Task5_3", "Task5_3\Task5_3.csproj", "{EAFC8FA6-9886-4DFC-BE44-46648F693995}"
EndProject
Project("{FAE04EC0-301F-11D3-BF4B-00C04F79EFBC}") = "Task5_4", "Task5_4\Task5_4.csproj", "{34D4B46D-B7AC-4619-AA80-47E0012B7E79}"
EndProject
Project("{2150E333-8FDC-42A3-9474-1A3956D46DE8}") = "Task6", "Task6", "{31045B96-B719-4371-B2E6-1DB0F304A63F}"
EndProject
Project("{FAE04EC0-301F-11D3-BF4B-00C04F79EFBC}") = "Task6_1", "Task6_1\Task6_1.csproj", "{D19E8AAA-DA50-4D18-9DC9-385FFF2B2BF9}"
EndProject
Project("{FAE04EC0-301F-11D3-BF4B-00C04F79EFBC}") = "Task6_2", "Task6_2\Task6_2.csproj", "{5C36C392-2C8A-46CE-8E89-3850215339A7}"
EndProject
Project("{FAE04EC0-301F-11D3-BF4B-00C04F79EFBC}") = "Task6_3", "Task6_3\Task6_3.csproj", "{4DE6D75A-B107-4815-8D8B-FC5B7A8F02AB}"
EndProject
Project("{2150E333-8FDC-42A3-9474-1A3956D46DE8}") = "Solution Items", "Solution Items", "{64976BFF-6BD7-4A35-8572-7AD5B3C423F0}"
EndProject
Project("{FAE04EC0-301F-11D3-BF4B-00C04F79EFBC}") = "Task5_5", "Task5_5\Task5_5.csproj", "{23926124-DB95-4216-B24B-67DCA83FF66E}"
EndProject
Project("{FAE04EC0-301F-11D3-BF4B-00C04F79EFBC}") = "Task5_6", "Task5_6\Task5_6.csproj", "{75615290-D6F2-435B-B3B1-DFDA07792FF9}"
EndProject
Project("{FAE04EC0-301F-11D3-BF4B-00C04F79EFBC}") = "Task5_7", "Task5_7\Task5_7.csproj", "{C7FEC5B3-D8D7-46BA-AFDA-B93B8CA5AD6E}"
EndProject
Project("{FAE04EC0-301F-11D3-BF4B-00C04F79EFBC}") = "Task5_8", "Task5_8\Task5_8.csproj", "{F6CAE083-57CF-4256-BDF9-2BEA053A9B64}"
EndProject
Project("{FAE04EC0-301F-11D3-BF4B-00C04F79EFBC}") = "Task5_10", "Task5_10\Task5_10.csproj", "{A3E7C612-89DC-4BBF-90C1-BE6525B1A679}"
EndProject
Global
	GlobalSection(SolutionConfigurationPlatforms) = preSolution
		Debug|Any CPU = Debug|Any CPU
		Release|Any CPU = Release|Any CPU
	EndGlobalSection
	GlobalSection(ProjectConfigurationPlatforms) = postSolution
		{C72ADCE7-5439-4B77-97E0-05B63B1ACCDA}.Debug|Any CPU.ActiveCfg = Debug|Any CPU
		{C72ADCE7-5439-4B77-97E0-05B63B1ACCDA}.Release|Any CPU.ActiveCfg = Release|Any CPU
		{C72ADCE7-5439-4B77-97E0-05B63B1ACCDA}.Release|Any CPU.Build.0 = Release|Any CPU
		{D4EAF5A0-13C0-4E42-8544-4565408A3244}.Debug|Any CPU.ActiveCfg = Debug|Any CPU
		{D4EAF5A0-13C0-4E42-8544-4565408A3244}.Release|Any CPU.ActiveCfg = Release|Any CPU
		{D4EAF5A0-13C0-4E42-8544-4565408A3244}.Release|Any CPU.Build.0 = Release|Any CPU
		{487699C6-678C-4BA4-B8FE-A4F9AA1ECFE4}.Debug|Any CPU.ActiveCfg = Debug|Any CPU
		{487699C6-678C-4BA4-B8FE-A4F9AA1ECFE4}.Release|Any CPU.ActiveCfg = Release|Any CPU
		{487699C6-678C-4BA4-B8FE-A4F9AA1ECFE4}.Release|Any CPU.Build.0 = Release|Any CPU
		{B4327340-0E52-4B06-89B8-1B0EB2970140}.Debug|Any CPU.ActiveCfg = Debug|Any CPU
		{B4327340-0E52-4B06-89B8-1B0EB2970140}.Release|Any CPU.ActiveCfg = Release|Any CPU
		{B4327340-0E52-4B06-89B8-1B0EB2970140}.Release|Any CPU.Build.0 = Release|Any CPU
		{C49D42FF-04F8-4D9E-895D-D090F3B5614C}.Debug|Any CPU.ActiveCfg = Debug|Any CPU
		{C49D42FF-04F8-4D9E-895D-D090F3B5614C}.Release|Any CPU.ActiveCfg = Release|Any CPU
		{C49D42FF-04F8-4D9E-895D-D090F3B5614C}.Release|Any CPU.Build.0 = Release|Any CPU
		{2AFB217A-7957-48C3-8521-D3AFF151722B}.Debug|Any CPU.ActiveCfg = Debug|Any CPU
		{2AFB217A-7957-48C3-8521-D3AFF151722B}.Release|Any CPU.ActiveCfg = Release|Any CPU
		{2AFB217A-7957-48C3-8521-D3AFF151722B}.Release|Any CPU.Build.0 = Release|Any CPU
		{7E71E81F-A246-4D7E-AD91-12062410093A}.Debug|Any CPU.ActiveCfg = Debug|Any CPU
		{7E71E81F-A246-4D7E-AD91-12062410093A}.Release|Any CPU.ActiveCfg = Release|Any CPU
		{7E71E81F-A246-4D7E-AD91-12062410093A}.Release|Any CPU.Build.0 = Release|Any CPU
		{8A69BD5E-8358-4FB3-8E36-3EF992937151}.Debug|Any CPU.ActiveCfg = Debug|Any CPU
		{8A69BD5E-8358-4FB3-8E36-3EF992937151}.Release|Any CPU.ActiveCfg = Release|Any CPU
		{8A69BD5E-8358-4FB3-8E36-3EF992937151}.Release|Any CPU.Build.0 = Release|Any CPU
		{5753AB1F-F1E9-463B-B9A1-5C5523151CCA}.Debug|Any CPU.ActiveCfg = Debug|Any CPU
		{5753AB1F-F1E9-463B-B9A1-5C5523151CCA}.Release|Any CPU.ActiveCfg = Release|Any CPU
		{5753AB1F-F1E9-463B-B9A1-5C5523151CCA}.Release|Any CPU.Build.0 = Release|Any CPU
		{3D8439A1-8996-4C4B-B354-9A350E5322F8}.Debug|Any CPU.ActiveCfg = Debug|Any CPU
		{3D8439A1-8996-4C4B-B354-9A350E5322F8}.Release|Any CPU.ActiveCfg = Release|Any CPU
		{3D8439A1-8996-4C4B-B354-9A350E5322F8}.Release|Any CPU.Build.0 = Release|Any CPU
		{CCC70CE2-1E64-4666-8D17-183046768F83}.Debug|Any CPU.ActiveCfg = Debug|Any CPU
		{CCC70CE2-1E64-4666-8D17-183046768F83}.Release|Any CPU.ActiveCfg = Release|Any CPU
		{CCC70CE2-1E64-4666-8D17-183046768F83}.Release|Any CPU.Build.0 = Release|Any CPU
		{6D102279-2C37-4DC4-A186-279E4DF088B1}.Debug|Any CPU.ActiveCfg = Debug|Any CPU
		{6D102279-2C37-4DC4-A186-279E4DF088B1}.Release|Any CPU.ActiveCfg = Release|Any CPU
		{6D102279-2C37-4DC4-A186-279E4DF088B1}.Release|Any CPU.Build.0 = Release|Any CPU
		{B3EF05E5-E58F-4B1F-9376-97C0241EA89F}.Debug|Any CPU.ActiveCfg = Debug|Any CPU
		{B3EF05E5-E58F-4B1F-9376-97C0241EA89F}.Release|Any CPU.ActiveCfg = Release|Any CPU
		{B3EF05E5-E58F-4B1F-9376-97C0241EA89F}.Release|Any CPU.Build.0 = Release|Any CPU
		{B6E94743-D8FF-49E7-9F9C-BCDF8BFEDE80}.Debug|Any CPU.ActiveCfg = Debug|Any CPU
		{B6E94743-D8FF-49E7-9F9C-BCDF8BFEDE80}.Release|Any CPU.ActiveCfg = Release|Any CPU
		{B6E94743-D8FF-49E7-9F9C-BCDF8BFEDE80}.Release|Any CPU.Build.0 = Release|Any CPU
		{3E375EFF-15BD-42B7-B6CA-57C20820EDF8}.Debug|Any CPU.ActiveCfg = Debug|Any CPU
		{3E375EFF-15BD-42B7-B6CA-57C20820EDF8}.Release|Any CPU.ActiveCfg = Release|Any CPU
		{3E375EFF-15BD-42B7-B6CA-57C20820EDF8}.Release|Any CPU.Build.0 = Release|Any CPU
		{239C6525-442C-4FF5-A675-570523110EAF}.Debug|Any CPU.ActiveCfg = Debug|Any CPU
		{239C6525-442C-4FF5-A675-570523110EAF}.Release|Any CPU.ActiveCfg = Release|Any CPU
		{239C6525-442C-4FF5-A675-570523110EAF}.Release|Any CPU.Build.0 = Release|Any CPU
		{B294E876-80AC-4D29-8BF5-22827DBFAFC5}.Debug|Any CPU.ActiveCfg = Debug|Any CPU
		{B294E876-80AC-4D29-8BF5-22827DBFAFC5}.Release|Any CPU.ActiveCfg = Release|Any CPU
		{B294E876-80AC-4D29-8BF5-22827DBFAFC5}.Release|Any CPU.Build.0 = Release|Any CPU
		{536C90E0-141E-46D5-A0FD-E7EC47296140}.Debug|Any CPU.ActiveCfg = Debug|Any CPU
		{536C90E0-141E-46D5-A0FD-E7EC47296140}.Release|Any CPU.ActiveCfg = Release|Any CPU
		{536C90E0-141E-46D5-A0FD-E7EC47296140}.Release|Any CPU.Build.0 = Release|Any CPU
		{1987F5D2-7D03-4F7C-88CF-77CA8B4A8357}.Debug|Any CPU.ActiveCfg = Debug|Any CPU
		{1987F5D2-7D03-4F7C-88CF-77CA8B4A8357}.Release|Any CPU.ActiveCfg = Release|Any CPU
		{1987F5D2-7D03-4F7C-88CF-77CA8B4A8357}.Release|Any CPU.Build.0 = Release|Any CPU
		{DD56480D-55F4-48BF-915E-97B090D92AD1}.Debug|Any CPU.ActiveCfg = Debug|Any CPU
		{DD56480D-55F4-48BF-915E-97B090D92AD1}.Release|Any CPU.ActiveCfg = Release|Any CPU
		{DD56480D-55F4-48BF-915E-97B090D92AD1}.Release|Any CPU.Build.0 = Release|Any CPU
		{5B4197BD-437A-4174-9551-7290BF551B7C}.Debug|Any CPU.ActiveCfg = Debug|Any CPU
		{5B4197BD-437A-4174-9551-7290BF551B7C}.Release|Any CPU.ActiveCfg = Release|Any CPU
		{5B4197BD-437A-4174-9551-7290BF551B7C}.Release|Any CPU.Build.0 = Release|Any CPU
		{7C552D17-AFCA-471D-840F-742BBF171690}.Debug|Any CPU.ActiveCfg = Debug|Any CPU
		{7C552D17-AFCA-471D-840F-742BBF171690}.Release|Any CPU.ActiveCfg = Release|Any CPU
		{7C552D17-AFCA-471D-840F-742BBF171690}.Release|Any CPU.Build.0 = Release|Any CPU
		{5EF10EB3-760A-45AB-BB60-D9BFC21744E0}.Debug|Any CPU.ActiveCfg = Debug|Any CPU
		{5EF10EB3-760A-45AB-BB60-D9BFC21744E0}.Release|Any CPU.ActiveCfg = Release|Any CPU
		{5EF10EB3-760A-45AB-BB60-D9BFC21744E0}.Release|Any CPU.Build.0 = Release|Any CPU
		{DA9F7BEE-8B88-4260-8897-0A0B72E4E0ED}.Debug|Any CPU.ActiveCfg = Debug|Any CPU
		{DA9F7BEE-8B88-4260-8897-0A0B72E4E0ED}.Release|Any CPU.ActiveCfg = Release|Any CPU
		{DA9F7BEE-8B88-4260-8897-0A0B72E4E0ED}.Release|Any CPU.Build.0 = Release|Any CPU
		{876E7F7A-5347-43FD-B642-20012254EDFF}.Debug|Any CPU.ActiveCfg = Debug|Any CPU
		{876E7F7A-5347-43FD-B642-20012254EDFF}.Release|Any CPU.ActiveCfg = Release|Any CPU
		{876E7F7A-5347-43FD-B642-20012254EDFF}.Release|Any CPU.Build.0 = Release|Any CPU
		{F7C78939-E79C-4DDE-8D7B-FEEA846156CE}.Debug|Any CPU.ActiveCfg = Debug|Any CPU
		{F7C78939-E79C-4DDE-8D7B-FEEA846156CE}.Release|Any CPU.ActiveCfg = Release|Any CPU
		{F7C78939-E79C-4DDE-8D7B-FEEA846156CE}.Release|Any CPU.Build.0 = Release|Any CPU
		{46623253-BA7E-4F4E-8AD2-5B3CB9D74A72}.Debug|Any CPU.ActiveCfg = Debug|Any CPU
		{46623253-BA7E-4F4E-8AD2-5B3CB9D74A72}.Release|Any CPU.ActiveCfg = Release|Any CPU
		{46623253-BA7E-4F4E-8AD2-5B3CB9D74A72}.Release|Any CPU.Build.0 = Release|Any CPU
		{72712868-CCC9-4846-9278-B58100CD7705}.Debug|Any CPU.ActiveCfg = Debug|Any CPU
		{72712868-CCC9-4846-9278-B58100CD7705}.Debug|Any CPU.Build.0 = Debug|Any CPU
		{72712868-CCC9-4846-9278-B58100CD7705}.Release|Any CPU.ActiveCfg = Release|Any CPU
		{72712868-CCC9-4846-9278-B58100CD7705}.Release|Any CPU.Build.0 = Release|Any CPU
		{4C32C2E9-1A62-4F98-B15C-512035CF7987}.Debug|Any CPU.ActiveCfg = Debug|Any CPU
		{4C32C2E9-1A62-4F98-B15C-512035CF7987}.Debug|Any CPU.Build.0 = Debug|Any CPU
		{4C32C2E9-1A62-4F98-B15C-512035CF7987}.Release|Any CPU.ActiveCfg = Release|Any CPU
		{4C32C2E9-1A62-4F98-B15C-512035CF7987}.Release|Any CPU.Build.0 = Release|Any CPU
		{EAFC8FA6-9886-4DFC-BE44-46648F693995}.Debug|Any CPU.ActiveCfg = Debug|Any CPU
		{EAFC8FA6-9886-4DFC-BE44-46648F693995}.Debug|Any CPU.Build.0 = Debug|Any CPU
		{EAFC8FA6-9886-4DFC-BE44-46648F693995}.Release|Any CPU.ActiveCfg = Release|Any CPU
		{EAFC8FA6-9886-4DFC-BE44-46648F693995}.Release|Any CPU.Build.0 = Release|Any CPU
		{34D4B46D-B7AC-4619-AA80-47E0012B7E79}.Debug|Any CPU.ActiveCfg = Debug|Any CPU
		{34D4B46D-B7AC-4619-AA80-47E0012B7E79}.Debug|Any CPU.Build.0 = Debug|Any CPU
		{34D4B46D-B7AC-4619-AA80-47E0012B7E79}.Release|Any CPU.ActiveCfg = Release|Any CPU
		{34D4B46D-B7AC-4619-AA80-47E0012B7E79}.Release|Any CPU.Build.0 = Release|Any CPU
		{D19E8AAA-DA50-4D18-9DC9-385FFF2B2BF9}.Debug|Any CPU.ActiveCfg = Debug|Any CPU
		{D19E8AAA-DA50-4D18-9DC9-385FFF2B2BF9}.Debug|Any CPU.Build.0 = Debug|Any CPU
		{D19E8AAA-DA50-4D18-9DC9-385FFF2B2BF9}.Release|Any CPU.ActiveCfg = Release|Any CPU
		{D19E8AAA-DA50-4D18-9DC9-385FFF2B2BF9}.Release|Any CPU.Build.0 = Release|Any CPU
		{5C36C392-2C8A-46CE-8E89-3850215339A7}.Debug|Any CPU.ActiveCfg = Debug|Any CPU
		{5C36C392-2C8A-46CE-8E89-3850215339A7}.Debug|Any CPU.Build.0 = Debug|Any CPU
		{5C36C392-2C8A-46CE-8E89-3850215339A7}.Release|Any CPU.ActiveCfg = Release|Any CPU
		{5C36C392-2C8A-46CE-8E89-3850215339A7}.Release|Any CPU.Build.0 = Release|Any CPU
		{4DE6D75A-B107-4815-8D8B-FC5B7A8F02AB}.Debug|Any CPU.ActiveCfg = Debug|Any CPU
		{4DE6D75A-B107-4815-8D8B-FC5B7A8F02AB}.Debug|Any CPU.Build.0 = Debug|Any CPU
		{4DE6D75A-B107-4815-8D8B-FC5B7A8F02AB}.Release|Any CPU.ActiveCfg = Release|Any CPU
		{4DE6D75A-B107-4815-8D8B-FC5B7A8F02AB}.Release|Any CPU.Build.0 = Release|Any CPU
		{23926124-DB95-4216-B24B-67DCA83FF66E}.Debug|Any CPU.ActiveCfg = Debug|Any CPU
		{23926124-DB95-4216-B24B-67DCA83FF66E}.Debug|Any CPU.Build.0 = Debug|Any CPU
		{23926124-DB95-4216-B24B-67DCA83FF66E}.Release|Any CPU.ActiveCfg = Release|Any CPU
		{23926124-DB95-4216-B24B-67DCA83FF66E}.Release|Any CPU.Build.0 = Release|Any CPU
		{75615290-D6F2-435B-B3B1-DFDA07792FF9}.Debug|Any CPU.ActiveCfg = Debug|Any CPU
		{75615290-D6F2-435B-B3B1-DFDA07792FF9}.Debug|Any CPU.Build.0 = Debug|Any CPU
		{75615290-D6F2-435B-B3B1-DFDA07792FF9}.Release|Any CPU.ActiveCfg = Release|Any CPU
		{75615290-D6F2-435B-B3B1-DFDA07792FF9}.Release|Any CPU.Build.0 = Release|Any CPU
		{C7FEC5B3-D8D7-46BA-AFDA-B93B8CA5AD6E}.Debug|Any CPU.ActiveCfg = Debug|Any CPU
		{C7FEC5B3-D8D7-46BA-AFDA-B93B8CA5AD6E}.Debug|Any CPU.Build.0 = Debug|Any CPU
		{C7FEC5B3-D8D7-46BA-AFDA-B93B8CA5AD6E}.Release|Any CPU.ActiveCfg = Release|Any CPU
		{C7FEC5B3-D8D7-46BA-AFDA-B93B8CA5AD6E}.Release|Any CPU.Build.0 = Release|Any CPU
		{F6CAE083-57CF-4256-BDF9-2BEA053A9B64}.Debug|Any CPU.ActiveCfg = Debug|Any CPU
		{F6CAE083-57CF-4256-BDF9-2BEA053A9B64}.Debug|Any CPU.Build.0 = Debug|Any CPU
		{F6CAE083-57CF-4256-BDF9-2BEA053A9B64}.Release|Any CPU.ActiveCfg = Release|Any CPU
		{F6CAE083-57CF-4256-BDF9-2BEA053A9B64}.Release|Any CPU.Build.0 = Release|Any CPU
		{A3E7C612-89DC-4BBF-90C1-BE6525B1A679}.Debug|Any CPU.ActiveCfg = Debug|Any CPU
		{A3E7C612-89DC-4BBF-90C1-BE6525B1A679}.Debug|Any CPU.Build.0 = Debug|Any CPU
		{A3E7C612-89DC-4BBF-90C1-BE6525B1A679}.Release|Any CPU.ActiveCfg = Release|Any CPU
		{A3E7C612-89DC-4BBF-90C1-BE6525B1A679}.Release|Any CPU.Build.0 = Release|Any CPU
	EndGlobalSection
	GlobalSection(SolutionProperties) = preSolution
		HideSolutionNode = FALSE
	EndGlobalSection
	GlobalSection(NestedProjects) = preSolution
		{C72ADCE7-5439-4B77-97E0-05B63B1ACCDA} = {C4C4C498-0A4A-401C-8FB0-C1328C56A4CE}
		{D4EAF5A0-13C0-4E42-8544-4565408A3244} = {C4C4C498-0A4A-401C-8FB0-C1328C56A4CE}
		{487699C6-678C-4BA4-B8FE-A4F9AA1ECFE4} = {C4C4C498-0A4A-401C-8FB0-C1328C56A4CE}
		{B4327340-0E52-4B06-89B8-1B0EB2970140} = {C4C4C498-0A4A-401C-8FB0-C1328C56A4CE}
		{C49D42FF-04F8-4D9E-895D-D090F3B5614C} = {C4C4C498-0A4A-401C-8FB0-C1328C56A4CE}
		{2AFB217A-7957-48C3-8521-D3AFF151722B} = {C4C4C498-0A4A-401C-8FB0-C1328C56A4CE}
		{7E71E81F-A246-4D7E-AD91-12062410093A} = {C4C4C498-0A4A-401C-8FB0-C1328C56A4CE}
		{8A69BD5E-8358-4FB3-8E36-3EF992937151} = {D15D64DE-54CF-4C37-8216-4C174D3AB201}
		{5753AB1F-F1E9-463B-B9A1-5C5523151CCA} = {D15D64DE-54CF-4C37-8216-4C174D3AB201}
		{3D8439A1-8996-4C4B-B354-9A350E5322F8} = {D15D64DE-54CF-4C37-8216-4C174D3AB201}
		{CCC70CE2-1E64-4666-8D17-183046768F83} = {D15D64DE-54CF-4C37-8216-4C174D3AB201}
		{6D102279-2C37-4DC4-A186-279E4DF088B1} = {D15D64DE-54CF-4C37-8216-4C174D3AB201}
		{B3EF05E5-E58F-4B1F-9376-97C0241EA89F} = {D15D64DE-54CF-4C37-8216-4C174D3AB201}
		{B6E94743-D8FF-49E7-9F9C-BCDF8BFEDE80} = {D15D64DE-54CF-4C37-8216-4C174D3AB201}
		{3E375EFF-15BD-42B7-B6CA-57C20820EDF8} = {D15D64DE-54CF-4C37-8216-4C174D3AB201}
		{239C6525-442C-4FF5-A675-570523110EAF} = {D15D64DE-54CF-4C37-8216-4C174D3AB201}
		{B294E876-80AC-4D29-8BF5-22827DBFAFC5} = {D15D64DE-54CF-4C37-8216-4C174D3AB201}
		{536C90E0-141E-46D5-A0FD-E7EC47296140} = {D15D64DE-54CF-4C37-8216-4C174D3AB201}
		{1987F5D2-7D03-4F7C-88CF-77CA8B4A8357} = {D15D64DE-54CF-4C37-8216-4C174D3AB201}
		{DD56480D-55F4-48BF-915E-97B090D92AD1} = {D5C8FDD6-03C0-48F1-BDF1-9115E0C2FBEC}
		{5B4197BD-437A-4174-9551-7290BF551B7C} = {D5C8FDD6-03C0-48F1-BDF1-9115E0C2FBEC}
		{7C552D17-AFCA-471D-840F-742BBF171690} = {D5C8FDD6-03C0-48F1-BDF1-9115E0C2FBEC}
		{5EF10EB3-760A-45AB-BB60-D9BFC21744E0} = {D5C8FDD6-03C0-48F1-BDF1-9115E0C2FBEC}
		{DA9F7BEE-8B88-4260-8897-0A0B72E4E0ED} = {D5C8FDD6-03C0-48F1-BDF1-9115E0C2FBEC}
		{876E7F7A-5347-43FD-B642-20012254EDFF} = {D5C8FDD6-03C0-48F1-BDF1-9115E0C2FBEC}
		{F7C78939-E79C-4DDE-8D7B-FEEA846156CE} = {D5C8FDD6-03C0-48F1-BDF1-9115E0C2FBEC}
		{46623253-BA7E-4F4E-8AD2-5B3CB9D74A72} = {D5C8FDD6-03C0-48F1-BDF1-9115E0C2FBEC}
		{72712868-CCC9-4846-9278-B58100CD7705} = {1C269513-9ABD-4900-BE6C-87FF05E4E281}
		{4C32C2E9-1A62-4F98-B15C-512035CF7987} = {1C269513-9ABD-4900-BE6C-87FF05E4E281}
		{EAFC8FA6-9886-4DFC-BE44-46648F693995} = {1C269513-9ABD-4900-BE6C-87FF05E4E281}
		{34D4B46D-B7AC-4619-AA80-47E0012B7E79} = {1C269513-9ABD-4900-BE6C-87FF05E4E281}
		{D19E8AAA-DA50-4D18-9DC9-385FFF2B2BF9} = {31045B96-B719-4371-B2E6-1DB0F304A63F}
		{5C36C392-2C8A-46CE-8E89-3850215339A7} = {31045B96-B719-4371-B2E6-1DB0F304A63F}
		{4DE6D75A-B107-4815-8D8B-FC5B7A8F02AB} = {31045B96-B719-4371-B2E6-1DB0F304A63F}
		{64976BFF-6BD7-4A35-8572-7AD5B3C423F0} = {1C269513-9ABD-4900-BE6C-87FF05E4E281}
		{23926124-DB95-4216-B24B-67DCA83FF66E} = {1C269513-9ABD-4900-BE6C-87FF05E4E281}
		{75615290-D6F2-435B-B3B1-DFDA07792FF9} = {1C269513-9ABD-4900-BE6C-87FF05E4E281}
		{C7FEC5B3-D8D7-46BA-AFDA-B93B8CA5AD6E} = {1C269513-9ABD-4900-BE6C-87FF05E4E281}
		{F6CAE083-57CF-4256-BDF9-2BEA053A9B64} = {1C269513-9ABD-4900-BE6C-87FF05E4E281}
		{A3E7C612-89DC-4BBF-90C1-BE6525B1A679} = {1C269513-9ABD-4900-BE6C-87FF05E4E281}
	EndGlobalSection
EndGlobal
