
Microsoft Visual Studio Solution File, Format Version 12.00
# Visual Studio Version 17
VisualStudioVersion = 17.12.35707.178
MinimumVisualStudioVersion = 10.0.40219.1
Project("{FAE04EC0-301F-11D3-BF4B-00C04F79EFBC}") = "Tusk_2_1", "Tusk_2_1\Tusk_2_1.csproj", "{C72ADCE7-5439-4B77-97E0-05B63B1ACCDA}"
EndProject
Project("{FAE04EC0-301F-11D3-BF4B-00C04F79EFBC}") = "Tusk_2_2", "Tusk_2_2\Tusk_2_2.csproj", "{D4EAF5A0-13C0-4E42-8544-4565408A3244}"
EndProject
Project("{FAE04EC0-301F-11D3-BF4B-00C04F79EFBC}") = "Tusk 2_3", "Tusk 2_3\Tusk 2_3.csproj", "{487699C6-678C-4BA4-B8FE-A4F9AA1ECFE4}"
EndProject
Project("{FAE04EC0-301F-11D3-BF4B-00C04F79EFBC}") = "Tusk_2_4", "Tusk_2_4\Tusk_2_4.csproj", "{B4327340-0E52-4B06-89B8-1B0EB2970140}"
EndProject
Project("{FAE04EC0-301F-11D3-BF4B-00C04F79EFBC}") = "Tusk_2_5", "Tusk_2_5\Tusk_2_5.csproj", "{C49D42FF-04F8-4D9E-895D-D090F3B5614C}"
EndProject
Project("{FAE04EC0-301F-11D3-BF4B-00C04F79EFBC}") = "Tusk_2_6", "Tusk_2_6\Tusk_2_6.csproj", "{2AFB217A-7957-48C3-8521-D3AFF151722B}"
EndProject
Project("{FAE04EC0-301F-11D3-BF4B-00C04F79EFBC}") = "Tusk_2_7", "Tusk_2_7\Tusk_2_7.csproj", "{7E71E81F-A246-4D7E-AD91-12062410093A}"
EndProject
Project("{2150E333-8FDC-42A3-9474-1A3956D46DE8}") = "tUSK_2", "tUSK_2", "{C4C4C498-0A4A-401C-8FB0-C1328C56A4CE}"
EndProject
Project("{2150E333-8FDC-42A3-9474-1A3956D46DE8}") = "Tusk_3", "Tusk_3", "{D15D64DE-54CF-4C37-8216-4C174D3AB201}"
EndProject
Project("{FAE04EC0-301F-11D3-BF4B-00C04F79EFBC}") = "Tusk3_1", "Tusk3_1\Tusk3_1.csproj", "{8A69BD5E-8358-4FB3-8E36-3EF992937151}"
EndProject
Project("{FAE04EC0-301F-11D3-BF4B-00C04F79EFBC}") = "Tusk3_2", "Tusk3_2\Tusk3_2.csproj", "{5753AB1F-F1E9-463B-B9A1-5C5523151CCA}"
EndProject
Project("{FAE04EC0-301F-11D3-BF4B-00C04F79EFBC}") = "Tusk3_3", "Tusk3_3\Tusk3_3.csproj", "{3D8439A1-8996-4C4B-B354-9A350E5322F8}"
EndProject
Project("{FAE04EC0-301F-11D3-BF4B-00C04F79EFBC}") = "Tusk3_4", "Tusk3_4\Tusk3_4.csproj", "{CCC70CE2-1E64-4666-8D17-183046768F83}"
EndProject
Project("{FAE04EC0-301F-11D3-BF4B-00C04F79EFBC}") = "Tusk3_5", "Tusk3_5\Tusk3_5.csproj", "{6D102279-2C37-4DC4-A186-279E4DF088B1}"
EndProject
Project("{FAE04EC0-301F-11D3-BF4B-00C04F79EFBC}") = "Tusk3_6", "Tusk3_6\Tusk3_6.csproj", "{B3EF05E5-E58F-4B1F-9376-97C0241EA89F}"
EndProject
Project("{FAE04EC0-301F-11D3-BF4B-00C04F79EFBC}") = "Tusk3_7", "Tusk3_7\Tusk3_7.csproj", "{B6E94743-D8FF-49E7-9F9C-BCDF8BFEDE80}"
EndProject
Project("{FAE04EC0-301F-11D3-BF4B-00C04F79EFBC}") = "Tusk3_8", "Tusk3_8\Tusk3_8.csproj", "{3E375EFF-15BD-42B7-B6CA-57C20820EDF8}"
EndProject
Project("{FAE04EC0-301F-11D3-BF4B-00C04F79EFBC}") = "Tusk3_9", "Tusk3_9\Tusk3_9.csproj", "{239C6525-442C-4FF5-A675-570523110EAF}"
EndProject
Project("{FAE04EC0-301F-11D3-BF4B-00C04F79EFBC}") = "Tusk3_10", "Tusk3_10\Tusk3_10.csproj", "{B294E876-80AC-4D29-8BF5-22827DBFAFC5}"
EndProject
Project("{FAE04EC0-301F-11D3-BF4B-00C04F79EFBC}") = "Tusk3_11", "Tusk3_11\Tusk3_11.csproj", "{536C90E0-141E-46D5-A0FD-E7EC47296140}"
EndProject
Project("{FAE04EC0-301F-11D3-BF4B-00C04F79EFBC}") = "Tusk3_12", "Tusk3_12\Tusk3_12.csproj", "{1987F5D2-7D03-4F7C-88CF-77CA8B4A8357}"
EndProject
Global
	GlobalSection(SolutionConfigurationPlatforms) = preSolution
		Debug|Any CPU = Debug|Any CPU
		Release|Any CPU = Release|Any CPU
	EndGlobalSection
	GlobalSection(ProjectConfigurationPlatforms) = postSolution
		{C72ADCE7-5439-4B77-97E0-05B63B1ACCDA}.Debug|Any CPU.ActiveCfg = Debug|Any CPU
		{C72ADCE7-5439-4B77-97E0-05B63B1ACCDA}.Debug|Any CPU.Build.0 = Debug|Any CPU
		{C72ADCE7-5439-4B77-97E0-05B63B1ACCDA}.Release|Any CPU.ActiveCfg = Release|Any CPU
		{C72ADCE7-5439-4B77-97E0-05B63B1ACCDA}.Release|Any CPU.Build.0 = Release|Any CPU
		{D4EAF5A0-13C0-4E42-8544-4565408A3244}.Debug|Any CPU.ActiveCfg = Debug|Any CPU
		{D4EAF5A0-13C0-4E42-8544-4565408A3244}.Debug|Any CPU.Build.0 = Debug|Any CPU
		{D4EAF5A0-13C0-4E42-8544-4565408A3244}.Release|Any CPU.ActiveCfg = Release|Any CPU
		{D4EAF5A0-13C0-4E42-8544-4565408A3244}.Release|Any CPU.Build.0 = Release|Any CPU
		{487699C6-678C-4BA4-B8FE-A4F9AA1ECFE4}.Debug|Any CPU.ActiveCfg = Debug|Any CPU
		{487699C6-678C-4BA4-B8FE-A4F9AA1ECFE4}.Debug|Any CPU.Build.0 = Debug|Any CPU
		{487699C6-678C-4BA4-B8FE-A4F9AA1ECFE4}.Release|Any CPU.ActiveCfg = Release|Any CPU
		{487699C6-678C-4BA4-B8FE-A4F9AA1ECFE4}.Release|Any CPU.Build.0 = Release|Any CPU
		{B4327340-0E52-4B06-89B8-1B0EB2970140}.Debug|Any CPU.ActiveCfg = Debug|Any CPU
		{B4327340-0E52-4B06-89B8-1B0EB2970140}.Debug|Any CPU.Build.0 = Debug|Any CPU
		{B4327340-0E52-4B06-89B8-1B0EB2970140}.Release|Any CPU.ActiveCfg = Release|Any CPU
		{B4327340-0E52-4B06-89B8-1B0EB2970140}.Release|Any CPU.Build.0 = Release|Any CPU
		{C49D42FF-04F8-4D9E-895D-D090F3B5614C}.Debug|Any CPU.ActiveCfg = Debug|Any CPU
		{C49D42FF-04F8-4D9E-895D-D090F3B5614C}.Debug|Any CPU.Build.0 = Debug|Any CPU
		{C49D42FF-04F8-4D9E-895D-D090F3B5614C}.Release|Any CPU.ActiveCfg = Release|Any CPU
		{C49D42FF-04F8-4D9E-895D-D090F3B5614C}.Release|Any CPU.Build.0 = Release|Any CPU
		{2AFB217A-7957-48C3-8521-D3AFF151722B}.Debug|Any CPU.ActiveCfg = Debug|Any CPU
		{2AFB217A-7957-48C3-8521-D3AFF151722B}.Debug|Any CPU.Build.0 = Debug|Any CPU
		{2AFB217A-7957-48C3-8521-D3AFF151722B}.Release|Any CPU.ActiveCfg = Release|Any CPU
		{2AFB217A-7957-48C3-8521-D3AFF151722B}.Release|Any CPU.Build.0 = Release|Any CPU
		{7E71E81F-A246-4D7E-AD91-12062410093A}.Debug|Any CPU.ActiveCfg = Debug|Any CPU
		{7E71E81F-A246-4D7E-AD91-12062410093A}.Debug|Any CPU.Build.0 = Debug|Any CPU
		{7E71E81F-A246-4D7E-AD91-12062410093A}.Release|Any CPU.ActiveCfg = Release|Any CPU
		{7E71E81F-A246-4D7E-AD91-12062410093A}.Release|Any CPU.Build.0 = Release|Any CPU
		{8A69BD5E-8358-4FB3-8E36-3EF992937151}.Debug|Any CPU.ActiveCfg = Debug|Any CPU
		{8A69BD5E-8358-4FB3-8E36-3EF992937151}.Debug|Any CPU.Build.0 = Debug|Any CPU
		{8A69BD5E-8358-4FB3-8E36-3EF992937151}.Release|Any CPU.ActiveCfg = Release|Any CPU
		{8A69BD5E-8358-4FB3-8E36-3EF992937151}.Release|Any CPU.Build.0 = Release|Any CPU
		{5753AB1F-F1E9-463B-B9A1-5C5523151CCA}.Debug|Any CPU.ActiveCfg = Debug|Any CPU
		{5753AB1F-F1E9-463B-B9A1-5C5523151CCA}.Debug|Any CPU.Build.0 = Debug|Any CPU
		{5753AB1F-F1E9-463B-B9A1-5C5523151CCA}.Release|Any CPU.ActiveCfg = Release|Any CPU
		{5753AB1F-F1E9-463B-B9A1-5C5523151CCA}.Release|Any CPU.Build.0 = Release|Any CPU
		{3D8439A1-8996-4C4B-B354-9A350E5322F8}.Debug|Any CPU.ActiveCfg = Debug|Any CPU
		{3D8439A1-8996-4C4B-B354-9A350E5322F8}.Debug|Any CPU.Build.0 = Debug|Any CPU
		{3D8439A1-8996-4C4B-B354-9A350E5322F8}.Release|Any CPU.ActiveCfg = Release|Any CPU
		{3D8439A1-8996-4C4B-B354-9A350E5322F8}.Release|Any CPU.Build.0 = Release|Any CPU
		{CCC70CE2-1E64-4666-8D17-183046768F83}.Debug|Any CPU.ActiveCfg = Debug|Any CPU
		{CCC70CE2-1E64-4666-8D17-183046768F83}.Debug|Any CPU.Build.0 = Debug|Any CPU
		{CCC70CE2-1E64-4666-8D17-183046768F83}.Release|Any CPU.ActiveCfg = Release|Any CPU
		{CCC70CE2-1E64-4666-8D17-183046768F83}.Release|Any CPU.Build.0 = Release|Any CPU
		{6D102279-2C37-4DC4-A186-279E4DF088B1}.Debug|Any CPU.ActiveCfg = Debug|Any CPU
		{6D102279-2C37-4DC4-A186-279E4DF088B1}.Debug|Any CPU.Build.0 = Debug|Any CPU
		{6D102279-2C37-4DC4-A186-279E4DF088B1}.Release|Any CPU.ActiveCfg = Release|Any CPU
		{6D102279-2C37-4DC4-A186-279E4DF088B1}.Release|Any CPU.Build.0 = Release|Any CPU
		{B3EF05E5-E58F-4B1F-9376-97C0241EA89F}.Debug|Any CPU.ActiveCfg = Debug|Any CPU
		{B3EF05E5-E58F-4B1F-9376-97C0241EA89F}.Debug|Any CPU.Build.0 = Debug|Any CPU
		{B3EF05E5-E58F-4B1F-9376-97C0241EA89F}.Release|Any CPU.ActiveCfg = Release|Any CPU
		{B3EF05E5-E58F-4B1F-9376-97C0241EA89F}.Release|Any CPU.Build.0 = Release|Any CPU
		{B6E94743-D8FF-49E7-9F9C-BCDF8BFEDE80}.Debug|Any CPU.ActiveCfg = Debug|Any CPU
		{B6E94743-D8FF-49E7-9F9C-BCDF8BFEDE80}.Debug|Any CPU.Build.0 = Debug|Any CPU
		{B6E94743-D8FF-49E7-9F9C-BCDF8BFEDE80}.Release|Any CPU.ActiveCfg = Release|Any CPU
		{B6E94743-D8FF-49E7-9F9C-BCDF8BFEDE80}.Release|Any CPU.Build.0 = Release|Any CPU
		{3E375EFF-15BD-42B7-B6CA-57C20820EDF8}.Debug|Any CPU.ActiveCfg = Debug|Any CPU
		{3E375EFF-15BD-42B7-B6CA-57C20820EDF8}.Debug|Any CPU.Build.0 = Debug|Any CPU
		{3E375EFF-15BD-42B7-B6CA-57C20820EDF8}.Release|Any CPU.ActiveCfg = Release|Any CPU
		{3E375EFF-15BD-42B7-B6CA-57C20820EDF8}.Release|Any CPU.Build.0 = Release|Any CPU
		{239C6525-442C-4FF5-A675-570523110EAF}.Debug|Any CPU.ActiveCfg = Debug|Any CPU
		{239C6525-442C-4FF5-A675-570523110EAF}.Debug|Any CPU.Build.0 = Debug|Any CPU
		{239C6525-442C-4FF5-A675-570523110EAF}.Release|Any CPU.ActiveCfg = Release|Any CPU
		{239C6525-442C-4FF5-A675-570523110EAF}.Release|Any CPU.Build.0 = Release|Any CPU
		{B294E876-80AC-4D29-8BF5-22827DBFAFC5}.Debug|Any CPU.ActiveCfg = Debug|Any CPU
		{B294E876-80AC-4D29-8BF5-22827DBFAFC5}.Debug|Any CPU.Build.0 = Debug|Any CPU
		{B294E876-80AC-4D29-8BF5-22827DBFAFC5}.Release|Any CPU.ActiveCfg = Release|Any CPU
		{B294E876-80AC-4D29-8BF5-22827DBFAFC5}.Release|Any CPU.Build.0 = Release|Any CPU
		{536C90E0-141E-46D5-A0FD-E7EC47296140}.Debug|Any CPU.ActiveCfg = Debug|Any CPU
		{536C90E0-141E-46D5-A0FD-E7EC47296140}.Debug|Any CPU.Build.0 = Debug|Any CPU
		{536C90E0-141E-46D5-A0FD-E7EC47296140}.Release|Any CPU.ActiveCfg = Release|Any CPU
		{536C90E0-141E-46D5-A0FD-E7EC47296140}.Release|Any CPU.Build.0 = Release|Any CPU
		{1987F5D2-7D03-4F7C-88CF-77CA8B4A8357}.Debug|Any CPU.ActiveCfg = Debug|Any CPU
		{1987F5D2-7D03-4F7C-88CF-77CA8B4A8357}.Debug|Any CPU.Build.0 = Debug|Any CPU
		{1987F5D2-7D03-4F7C-88CF-77CA8B4A8357}.Release|Any CPU.ActiveCfg = Release|Any CPU
		{1987F5D2-7D03-4F7C-88CF-77CA8B4A8357}.Release|Any CPU.Build.0 = Release|Any CPU
	EndGlobalSection
	GlobalSection(SolutionProperties) = preSolution
		HideSolutionNode = FALSE
	EndGlobalSection
	GlobalSection(NestedProjects) = preSolution
		{C72ADCE7-5439-4B77-97E0-05B63B1ACCDA} = {C4C4C498-0A4A-401C-8FB0-C1328C56A4CE}
		{D4EAF5A0-13C0-4E42-8544-4565408A3244} = {C4C4C498-0A4A-401C-8FB0-C1328C56A4CE}
		{487699C6-678C-4BA4-B8FE-A4F9AA1ECFE4} = {C4C4C498-0A4A-401C-8FB0-C1328C56A4CE}
		{B4327340-0E52-4B06-89B8-1B0EB2970140} = {C4C4C498-0A4A-401C-8FB0-C1328C56A4CE}
		{C49D42FF-04F8-4D9E-895D-D090F3B5614C} = {C4C4C498-0A4A-401C-8FB0-C1328C56A4CE}
		{2AFB217A-7957-48C3-8521-D3AFF151722B} = {C4C4C498-0A4A-401C-8FB0-C1328C56A4CE}
		{7E71E81F-A246-4D7E-AD91-12062410093A} = {C4C4C498-0A4A-401C-8FB0-C1328C56A4CE}
		{8A69BD5E-8358-4FB3-8E36-3EF992937151} = {D15D64DE-54CF-4C37-8216-4C174D3AB201}
		{5753AB1F-F1E9-463B-B9A1-5C5523151CCA} = {D15D64DE-54CF-4C37-8216-4C174D3AB201}
		{3D8439A1-8996-4C4B-B354-9A350E5322F8} = {D15D64DE-54CF-4C37-8216-4C174D3AB201}
		{CCC70CE2-1E64-4666-8D17-183046768F83} = {D15D64DE-54CF-4C37-8216-4C174D3AB201}
		{6D102279-2C37-4DC4-A186-279E4DF088B1} = {D15D64DE-54CF-4C37-8216-4C174D3AB201}
		{B3EF05E5-E58F-4B1F-9376-97C0241EA89F} = {D15D64DE-54CF-4C37-8216-4C174D3AB201}
		{B6E94743-D8FF-49E7-9F9C-BCDF8BFEDE80} = {D15D64DE-54CF-4C37-8216-4C174D3AB201}
		{3E375EFF-15BD-42B7-B6CA-57C20820EDF8} = {D15D64DE-54CF-4C37-8216-4C174D3AB201}
		{239C6525-442C-4FF5-A675-570523110EAF} = {D15D64DE-54CF-4C37-8216-4C174D3AB201}
		{B294E876-80AC-4D29-8BF5-22827DBFAFC5} = {D15D64DE-54CF-4C37-8216-4C174D3AB201}
		{536C90E0-141E-46D5-A0FD-E7EC47296140} = {D15D64DE-54CF-4C37-8216-4C174D3AB201}
		{1987F5D2-7D03-4F7C-88CF-77CA8B4A8357} = {D15D64DE-54CF-4C37-8216-4C174D3AB201}
	EndGlobalSection
EndGlobal
