
Microsoft Visual Studio Solution File, Format Version 12.00
# Visual Studio Version 17
VisualStudioVersion = 17.12.35707.178
MinimumVisualStudioVersion = 10.0.40219.1
Project("{FAE04EC0-301F-11D3-BF4B-00C04F79EFBC}") = "Tusk_2_1", "Tusk_2_1\Tusk_2_1.csproj", "{C72ADCE7-5439-4B77-97E0-05B63B1ACCDA}"
EndProject
Project("{FAE04EC0-301F-11D3-BF4B-00C04F79EFBC}") = "Tusk_2_2", "Tusk_2_2\Tusk_2_2.csproj", "{D4EAF5A0-13C0-4E42-8544-4565408A3244}"
EndProject
Project("{FAE04EC0-301F-11D3-BF4B-00C04F79EFBC}") = "Tusk 2_3", "Tusk 2_3\Tusk 2_3.csproj", "{487699C6-678C-4BA4-B8FE-A4F9AA1ECFE4}"
EndProject
Project("{FAE04EC0-301F-11D3-BF4B-00C04F79EFBC}") = "Tusk_2_4", "Tusk_2_4\Tusk_2_4.csproj", "{B4327340-0E52-4B06-89B8-1B0EB2970140}"
EndProject
Project("{FAE04EC0-301F-11D3-BF4B-00C04F79EFBC}") = "Tusk_2_5", "Tusk_2_5\Tusk_2_5.csproj", "{C49D42FF-04F8-4D9E-895D-D090F3B5614C}"
EndProject
Project("{FAE04EC0-301F-11D3-BF4B-00C04F79EFBC}") = "Tusk_2_6", "Tusk_2_6\Tusk_2_6.csproj", "{2AFB217A-7957-48C3-8521-D3AFF151722B}"
EndProject
Project("{FAE04EC0-301F-11D3-BF4B-00C04F79EFBC}") = "Tusk_2_7", "Tusk_2_7\Tusk_2_7.csproj", "{7E71E81F-A246-4D7E-AD91-12062410093A}"
EndProject
Project("{2150E333-8FDC-42A3-9474-1A3956D46DE8}") = "Task7", "Task7", "{BB62DA84-B6AD-4104-AD86-605343414130}"
EndProject
Project("{FAE04EC0-301F-11D3-BF4B-00C04F79EFBC}") = "Task7_1", "Task7_1\Task7_1.csproj", "{D9675778-D7CE-44CE-96B2-F792C17E6D26}"
EndProject
Project("{FAE04EC0-301F-11D3-BF4B-00C04F79EFBC}") = "Task7_2", "ConsoleApp2\Task7_2.csproj", "{7DD30345-7B48-485C-B47C-28782EC5C461}"
EndProject
Project("{FAE04EC0-301F-11D3-BF4B-00C04F79EFBC}") = "Task7_3", "Task7_3\Task7_3.csproj", "{56A8B28A-F8DD-4E88-AACF-32F0FDDDE60B}"
EndProject
Project("{FAE04EC0-301F-11D3-BF4B-00C04F79EFBC}") = "Task7_4", "Task7_4\Task7_4.csproj", "{EF795246-DCB0-4E31-B236-9F9AD5912B5F}"
EndProject
Project("{FAE04EC0-301F-11D3-BF4B-00C04F79EFBC}") = "Task7_5", "Task7_5\Task7_5.csproj", "{DC4E21B2-8266-4538-BA52-090038A4234E}"
EndProject
Global
	GlobalSection(SolutionConfigurationPlatforms) = preSolution
		Debug|Any CPU = Debug|Any CPU
		Release|Any CPU = Release|Any CPU
	EndGlobalSection
	GlobalSection(ProjectConfigurationPlatforms) = postSolution
		{C72ADCE7-5439-4B77-97E0-05B63B1ACCDA}.Debug|Any CPU.ActiveCfg = Debug|Any CPU
		{C72ADCE7-5439-4B77-97E0-05B63B1ACCDA}.Debug|Any CPU.Build.0 = Debug|Any CPU
		{C72ADCE7-5439-4B77-97E0-05B63B1ACCDA}.Release|Any CPU.ActiveCfg = Release|Any CPU
		{C72ADCE7-5439-4B77-97E0-05B63B1ACCDA}.Release|Any CPU.Build.0 = Release|Any CPU
		{D4EAF5A0-13C0-4E42-8544-4565408A3244}.Debug|Any CPU.ActiveCfg = Debug|Any CPU
		{D4EAF5A0-13C0-4E42-8544-4565408A3244}.Debug|Any CPU.Build.0 = Debug|Any CPU
		{D4EAF5A0-13C0-4E42-8544-4565408A3244}.Release|Any CPU.ActiveCfg = Release|Any CPU
		{D4EAF5A0-13C0-4E42-8544-4565408A3244}.Release|Any CPU.Build.0 = Release|Any CPU
		{487699C6-678C-4BA4-B8FE-A4F9AA1ECFE4}.Debug|Any CPU.ActiveCfg = Debug|Any CPU
		{487699C6-678C-4BA4-B8FE-A4F9AA1ECFE4}.Debug|Any CPU.Build.0 = Debug|Any CPU
		{487699C6-678C-4BA4-B8FE-A4F9AA1ECFE4}.Release|Any CPU.ActiveCfg = Release|Any CPU
		{487699C6-678C-4BA4-B8FE-A4F9AA1ECFE4}.Release|Any CPU.Build.0 = Release|Any CPU
		{B4327340-0E52-4B06-89B8-1B0EB2970140}.Debug|Any CPU.ActiveCfg = Debug|Any CPU
		{B4327340-0E52-4B06-89B8-1B0EB2970140}.Debug|Any CPU.Build.0 = Debug|Any CPU
		{B4327340-0E52-4B06-89B8-1B0EB2970140}.Release|Any CPU.ActiveCfg = Release|Any CPU
		{B4327340-0E52-4B06-89B8-1B0EB2970140}.Release|Any CPU.Build.0 = Release|Any CPU
		{C49D42FF-04F8-4D9E-895D-D090F3B5614C}.Debug|Any CPU.ActiveCfg = Debug|Any CPU
		{C49D42FF-04F8-4D9E-895D-D090F3B5614C}.Debug|Any CPU.Build.0 = Debug|Any CPU
		{C49D42FF-04F8-4D9E-895D-D090F3B5614C}.Release|Any CPU.ActiveCfg = Release|Any CPU
		{C49D42FF-04F8-4D9E-895D-D090F3B5614C}.Release|Any CPU.Build.0 = Release|Any CPU
		{2AFB217A-7957-48C3-8521-D3AFF151722B}.Debug|Any CPU.ActiveCfg = Debug|Any CPU
		{2AFB217A-7957-48C3-8521-D3AFF151722B}.Debug|Any CPU.Build.0 = Debug|Any CPU
		{2AFB217A-7957-48C3-8521-D3AFF151722B}.Release|Any CPU.ActiveCfg = Release|Any CPU
		{2AFB217A-7957-48C3-8521-D3AFF151722B}.Release|Any CPU.Build.0 = Release|Any CPU
		{7E71E81F-A246-4D7E-AD91-12062410093A}.Debug|Any CPU.ActiveCfg = Debug|Any CPU
		{7E71E81F-A246-4D7E-AD91-12062410093A}.Debug|Any CPU.Build.0 = Debug|Any CPU
		{7E71E81F-A246-4D7E-AD91-12062410093A}.Release|Any CPU.ActiveCfg = Release|Any CPU
		{7E71E81F-A246-4D7E-AD91-12062410093A}.Release|Any CPU.Build.0 = Release|Any CPU
		{D9675778-D7CE-44CE-96B2-F792C17E6D26}.Debug|Any CPU.ActiveCfg = Debug|Any CPU
		{D9675778-D7CE-44CE-96B2-F792C17E6D26}.Debug|Any CPU.Build.0 = Debug|Any CPU
		{D9675778-D7CE-44CE-96B2-F792C17E6D26}.Release|Any CPU.ActiveCfg = Release|Any CPU
		{D9675778-D7CE-44CE-96B2-F792C17E6D26}.Release|Any CPU.Build.0 = Release|Any CPU
		{7DD30345-7B48-485C-B47C-28782EC5C461}.Debug|Any CPU.ActiveCfg = Debug|Any CPU
		{7DD30345-7B48-485C-B47C-28782EC5C461}.Debug|Any CPU.Build.0 = Debug|Any CPU
		{7DD30345-7B48-485C-B47C-28782EC5C461}.Release|Any CPU.ActiveCfg = Release|Any CPU
		{7DD30345-7B48-485C-B47C-28782EC5C461}.Release|Any CPU.Build.0 = Release|Any CPU
		{56A8B28A-F8DD-4E88-AACF-32F0FDDDE60B}.Debug|Any CPU.ActiveCfg = Debug|Any CPU
		{56A8B28A-F8DD-4E88-AACF-32F0FDDDE60B}.Debug|Any CPU.Build.0 = Debug|Any CPU
		{56A8B28A-F8DD-4E88-AACF-32F0FDDDE60B}.Release|Any CPU.ActiveCfg = Release|Any CPU
		{56A8B28A-F8DD-4E88-AACF-32F0FDDDE60B}.Release|Any CPU.Build.0 = Release|Any CPU
		{EF795246-DCB0-4E31-B236-9F9AD5912B5F}.Debug|Any CPU.ActiveCfg = Debug|Any CPU
		{EF795246-DCB0-4E31-B236-9F9AD5912B5F}.Debug|Any CPU.Build.0 = Debug|Any CPU
		{EF795246-DCB0-4E31-B236-9F9AD5912B5F}.Release|Any CPU.ActiveCfg = Release|Any CPU
		{EF795246-DCB0-4E31-B236-9F9AD5912B5F}.Release|Any CPU.Build.0 = Release|Any CPU
		{DC4E21B2-8266-4538-BA52-090038A4234E}.Debug|Any CPU.ActiveCfg = Debug|Any CPU
		{DC4E21B2-8266-4538-BA52-090038A4234E}.Debug|Any CPU.Build.0 = Debug|Any CPU
		{DC4E21B2-8266-4538-BA52-090038A4234E}.Release|Any CPU.ActiveCfg = Release|Any CPU
		{DC4E21B2-8266-4538-BA52-090038A4234E}.Release|Any CPU.Build.0 = Release|Any CPU
	EndGlobalSection
	GlobalSection(SolutionProperties) = preSolution
		HideSolutionNode = FALSE
	EndGlobalSection
	GlobalSection(NestedProjects) = preSolution
		{D9675778-D7CE-44CE-96B2-F792C17E6D26} = {BB62DA84-B6AD-4104-AD86-605343414130}
		{7DD30345-7B48-485C-B47C-28782EC5C461} = {BB62DA84-B6AD-4104-AD86-605343414130}
		{56A8B28A-F8DD-4E88-AACF-32F0FDDDE60B} = {BB62DA84-B6AD-4104-AD86-605343414130}
		{EF795246-DCB0-4E31-B236-9F9AD5912B5F} = {BB62DA84-B6AD-4104-AD86-605343414130}
		{DC4E21B2-8266-4538-BA52-090038A4234E} = {BB62DA84-B6AD-4104-AD86-605343414130}
	EndGlobalSection
EndGlobal
